// !$*UTF8*$!
{
	archiveVersion = 1;
	classes = {
	};
	objectVersion = 50;
	objects = {

/* Begin PBXBuildFile section */
		8C0F715B26136CA100FC993A /* AppDelegate.swift in Sources */ = {isa = PBXBuildFile; fileRef = 8C0F715A26136CA100FC993A /* AppDelegate.swift */; };
		8C0F715D26136CA100FC993A /* SceneDelegate.swift in Sources */ = {isa = PBXBuildFile; fileRef = 8C0F715C26136CA100FC993A /* SceneDelegate.swift */; };
		8C0F715F26136CA100FC993A /* ToDoListViewController.swift in Sources */ = {isa = PBXBuildFile; fileRef = 8C0F715E26136CA100FC993A /* ToDoListViewController.swift */; };
		8C0F716226136CA100FC993A /* Main.storyboard in Resources */ = {isa = PBXBuildFile; fileRef = 8C0F716026136CA100FC993A /* Main.storyboard */; };
		8C0F716426136CA400FC993A /* Assets.xcassets in Resources */ = {isa = PBXBuildFile; fileRef = 8C0F716326136CA400FC993A /* Assets.xcassets */; };
		8C0F716726136CA400FC993A /* LaunchScreen.storyboard in Resources */ = {isa = PBXBuildFile; fileRef = 8C0F716526136CA400FC993A /* LaunchScreen.storyboard */; };
		8C0F717226136CA500FC993A /* ToDoListAppTests.swift in Sources */ = {isa = PBXBuildFile; fileRef = 8C0F717126136CA500FC993A /* ToDoListAppTests.swift */; };
		8C0F717D26136CA500FC993A /* ToDoListAppUITests.swift in Sources */ = {isa = PBXBuildFile; fileRef = 8C0F717C26136CA500FC993A /* ToDoListAppUITests.swift */; };
		8C0F71CE2614391100FC993A /* DataModel.xcdatamodeld in Sources */ = {isa = PBXBuildFile; fileRef = 8C0F71CC2614391100FC993A /* DataModel.xcdatamodeld */; };
		8C0F71D62615FC6900FC993A /* CategoryTableViewController.swift in Sources */ = {isa = PBXBuildFile; fileRef = 8C0F71D52615FC6900FC993A /* CategoryTableViewController.swift */; };
/* End PBXBuildFile section */

/* Begin PBXContainerItemProxy section */
		8C0F716E26136CA500FC993A /* PBXContainerItemProxy */ = {
			isa = PBXContainerItemProxy;
			containerPortal = 8C0F714F26136CA100FC993A /* Project object */;
			proxyType = 1;
			remoteGlobalIDString = 8C0F715626136CA100FC993A;
			remoteInfo = ToDoListApp;
		};
		8C0F717926136CA500FC993A /* PBXContainerItemProxy */ = {
			isa = PBXContainerItemProxy;
			containerPortal = 8C0F714F26136CA100FC993A /* Project object */;
			proxyType = 1;
			remoteGlobalIDString = 8C0F715626136CA100FC993A;
			remoteInfo = ToDoListApp;
		};
/* End PBXContainerItemProxy section */

/* Begin PBXFileReference section */
		8C0F715726136CA100FC993A /* ToDoListApp.app */ = {isa = PBXFileReference; explicitFileType = wrapper.application; includeInIndex = 0; path = ToDoListApp.app; sourceTree = BUILT_PRODUCTS_DIR; };
		8C0F715A26136CA100FC993A /* AppDelegate.swift */ = {isa = PBXFileReference; lastKnownFileType = sourcecode.swift; path = AppDelegate.swift; sourceTree = "<group>"; };
		8C0F715C26136CA100FC993A /* SceneDelegate.swift */ = {isa = PBXFileReference; lastKnownFileType = sourcecode.swift; path = SceneDelegate.swift; sourceTree = "<group>"; };
		8C0F715E26136CA100FC993A /* ToDoListViewController.swift */ = {isa = PBXFileReference; lastKnownFileType = sourcecode.swift; path = ToDoListViewController.swift; sourceTree = "<group>"; };
		8C0F716126136CA100FC993A /* Base */ = {isa = PBXFileReference; lastKnownFileType = file.storyboard; name = Base; path = Base.lproj/Main.storyboard; sourceTree = "<group>"; };
		8C0F716326136CA400FC993A /* Assets.xcassets */ = {isa = PBXFileReference; lastKnownFileType = folder.assetcatalog; path = Assets.xcassets; sourceTree = "<group>"; };
		8C0F716626136CA400FC993A /* Base */ = {isa = PBXFileReference; lastKnownFileType = file.storyboard; name = Base; path = Base.lproj/LaunchScreen.storyboard; sourceTree = "<group>"; };
		8C0F716826136CA400FC993A /* Info.plist */ = {isa = PBXFileReference; lastKnownFileType = text.plist.xml; path = Info.plist; sourceTree = "<group>"; };
		8C0F716D26136CA500FC993A /* ToDoListAppTests.xctest */ = {isa = PBXFileReference; explicitFileType = wrapper.cfbundle; includeInIndex = 0; path = ToDoListAppTests.xctest; sourceTree = BUILT_PRODUCTS_DIR; };
		8C0F717126136CA500FC993A /* ToDoListAppTests.swift */ = {isa = PBXFileReference; lastKnownFileType = sourcecode.swift; path = ToDoListAppTests.swift; sourceTree = "<group>"; };
		8C0F717326136CA500FC993A /* Info.plist */ = {isa = PBXFileReference; lastKnownFileType = text.plist.xml; path = Info.plist; sourceTree = "<group>"; };
		8C0F717826136CA500FC993A /* ToDoListAppUITests.xctest */ = {isa = PBXFileReference; explicitFileType = wrapper.cfbundle; includeInIndex = 0; path = ToDoListAppUITests.xctest; sourceTree = BUILT_PRODUCTS_DIR; };
		8C0F717C26136CA500FC993A /* ToDoListAppUITests.swift */ = {isa = PBXFileReference; lastKnownFileType = sourcecode.swift; path = ToDoListAppUITests.swift; sourceTree = "<group>"; };
		8C0F717E26136CA500FC993A /* Info.plist */ = {isa = PBXFileReference; lastKnownFileType = text.plist.xml; path = Info.plist; sourceTree = "<group>"; };
		8C0F71CD2614391100FC993A /* DataModel.xcdatamodel */ = {isa = PBXFileReference; lastKnownFileType = wrapper.xcdatamodel; path = DataModel.xcdatamodel; sourceTree = "<group>"; };
		8C0F71D52615FC6900FC993A /* CategoryTableViewController.swift */ = {isa = PBXFileReference; lastKnownFileType = sourcecode.swift; path = CategoryTableViewController.swift; sourceTree = "<group>"; };
/* End PBXFileReference section */

/* Begin PBXFrameworksBuildPhase section */
		8C0F715426136CA100FC993A /* Frameworks */ = {
			isa = PBXFrameworksBuildPhase;
			buildActionMask = 2147483647;
			files = (
			);
			runOnlyForDeploymentPostprocessing = 0;
		};
		8C0F716A26136CA500FC993A /* Frameworks */ = {
			isa = PBXFrameworksBuildPhase;
			buildActionMask = 2147483647;
			files = (
			);
			runOnlyForDeploymentPostprocessing = 0;
		};
		8C0F717526136CA500FC993A /* Frameworks */ = {
			isa = PBXFrameworksBuildPhase;
			buildActionMask = 2147483647;
			files = (
			);
			runOnlyForDeploymentPostprocessing = 0;
		};
/* End PBXFrameworksBuildPhase section */

/* Begin PBXGroup section */
		8C0F714E26136CA100FC993A = {
			isa = PBXGroup;
			children = (
				8C0F715926136CA100FC993A /* ToDoListApp */,
				8C0F717026136CA500FC993A /* ToDoListAppTests */,
				8C0F717B26136CA500FC993A /* ToDoListAppUITests */,
				8C0F715826136CA100FC993A /* Products */,
			);
			sourceTree = "<group>";
		};
		8C0F715826136CA100FC993A /* Products */ = {
			isa = PBXGroup;
			children = (
				8C0F715726136CA100FC993A /* ToDoListApp.app */,
				8C0F716D26136CA500FC993A /* ToDoListAppTests.xctest */,
				8C0F717826136CA500FC993A /* ToDoListAppUITests.xctest */,
			);
			name = Products;
			sourceTree = "<group>";
		};
		8C0F715926136CA100FC993A /* ToDoListApp */ = {
			isa = PBXGroup;
			children = (
				8C0F715A26136CA100FC993A /* AppDelegate.swift */,
				8C0F715C26136CA100FC993A /* SceneDelegate.swift */,
				8C0F719B2613FDA900FC993A /* Data Model */,
				8C0F719F2613FDC200FC993A /* Views */,
				8C0F71A02613FDD100FC993A /* Controllers */,
				8C0F71A42613FDDE00FC993A /* Supporting Files */,
				8C0F716826136CA400FC993A /* Info.plist */,
			);
			path = ToDoListApp;
			sourceTree = "<group>";
		};
		8C0F717026136CA500FC993A /* ToDoListAppTests */ = {
			isa = PBXGroup;
			children = (
				8C0F717126136CA500FC993A /* ToDoListAppTests.swift */,
				8C0F717326136CA500FC993A /* Info.plist */,
			);
			path = ToDoListAppTests;
			sourceTree = "<group>";
		};
		8C0F717B26136CA500FC993A /* ToDoListAppUITests */ = {
			isa = PBXGroup;
			children = (
				8C0F717C26136CA500FC993A /* ToDoListAppUITests.swift */,
				8C0F717E26136CA500FC993A /* Info.plist */,
			);
			path = ToDoListAppUITests;
			sourceTree = "<group>";
		};
		8C0F719B2613FDA900FC993A /* Data Model */ = {
			isa = PBXGroup;
			children = (
				8C0F71CC2614391100FC993A /* DataModel.xcdatamodeld */,
			);
			path = "Data Model";
			sourceTree = "<group>";
		};
		8C0F719F2613FDC200FC993A /* Views */ = {
			isa = PBXGroup;
			children = (
				8C0F716026136CA100FC993A /* Main.storyboard */,
			);
			path = Views;
			sourceTree = "<group>";
		};
		8C0F71A02613FDD100FC993A /* Controllers */ = {
			isa = PBXGroup;
			children = (
				8C0F715E26136CA100FC993A /* ToDoListViewController.swift */,
				8C0F71D52615FC6900FC993A /* CategoryTableViewController.swift */,
			);
			path = Controllers;
			sourceTree = "<group>";
		};
		8C0F71A42613FDDE00FC993A /* Supporting Files */ = {
			isa = PBXGroup;
			children = (
				8C0F716326136CA400FC993A /* Assets.xcassets */,
				8C0F716526136CA400FC993A /* LaunchScreen.storyboard */,
			);
			path = "Supporting Files";
			sourceTree = "<group>";
		};
/* End PBXGroup section */

/* Begin PBXNativeTarget section */
		8C0F715626136CA100FC993A /* ToDoListApp */ = {
			isa = PBXNativeTarget;
			buildConfigurationList = 8C0F718126136CA500FC993A /* Build configuration list for PBXNativeTarget "ToDoListApp" */;
			buildPhases = (
				8C0F715326136CA100FC993A /* Sources */,
				8C0F715426136CA100FC993A /* Frameworks */,
				8C0F715526136CA100FC993A /* Resources */,
			);
			buildRules = (
			);
			dependencies = (
			);
			name = ToDoListApp;
			productName = ToDoListApp;
			productReference = 8C0F715726136CA100FC993A /* ToDoListApp.app */;
			productType = "com.apple.product-type.application";
		};
		8C0F716C26136CA500FC993A /* ToDoListAppTests */ = {
			isa = PBXNativeTarget;
			buildConfigurationList = 8C0F718426136CA500FC993A /* Build configuration list for PBXNativeTarget "ToDoListAppTests" */;
			buildPhases = (
				8C0F716926136CA500FC993A /* Sources */,
				8C0F716A26136CA500FC993A /* Frameworks */,
				8C0F716B26136CA500FC993A /* Resources */,
			);
			buildRules = (
			);
			dependencies = (
				8C0F716F26136CA500FC993A /* PBXTargetDependency */,
			);
			name = ToDoListAppTests;
			productName = ToDoListAppTests;
			productReference = 8C0F716D26136CA500FC993A /* ToDoListAppTests.xctest */;
			productType = "com.apple.product-type.bundle.unit-test";
		};
		8C0F717726136CA500FC993A /* ToDoListAppUITests */ = {
			isa = PBXNativeTarget;
			buildConfigurationList = 8C0F718726136CA500FC993A /* Build configuration list for PBXNativeTarget "ToDoListAppUITests" */;
			buildPhases = (
				8C0F717426136CA500FC993A /* Sources */,
				8C0F717526136CA500FC993A /* Frameworks */,
				8C0F717626136CA500FC993A /* Resources */,
			);
			buildRules = (
			);
			dependencies = (
				8C0F717A26136CA500FC993A /* PBXTargetDependency */,
			);
			name = ToDoListAppUITests;
			productName = ToDoListAppUITests;
			productReference = 8C0F717826136CA500FC993A /* ToDoListAppUITests.xctest */;
			productType = "com.apple.product-type.bundle.ui-testing";
		};
/* End PBXNativeTarget section */

/* Begin PBXProject section */
		8C0F714F26136CA100FC993A /* Project object */ = {
			isa = PBXProject;
			attributes = {
				LastSwiftUpdateCheck = 1240;
				LastUpgradeCheck = 1240;
				TargetAttributes = {
					8C0F715626136CA100FC993A = {
						CreatedOnToolsVersion = 12.4;
					};
					8C0F716C26136CA500FC993A = {
						CreatedOnToolsVersion = 12.4;
						TestTargetID = 8C0F715626136CA100FC993A;
					};
					8C0F717726136CA500FC993A = {
						CreatedOnToolsVersion = 12.4;
						TestTargetID = 8C0F715626136CA100FC993A;
					};
				};
			};
			buildConfigurationList = 8C0F715226136CA100FC993A /* Build configuration list for PBXProject "ToDoListApp" */;
			compatibilityVersion = "Xcode 9.3";
			developmentRegion = en;
			hasScannedForEncodings = 0;
			knownRegions = (
				en,
				Base,
			);
			mainGroup = 8C0F714E26136CA100FC993A;
			productRefGroup = 8C0F715826136CA100FC993A /* Products */;
			projectDirPath = "";
			projectRoot = "";
			targets = (
				8C0F715626136CA100FC993A /* ToDoListApp */,
				8C0F716C26136CA500FC993A /* ToDoListAppTests */,
				8C0F717726136CA500FC993A /* ToDoListAppUITests */,
			);
		};
/* End PBXProject section */

/* Begin PBXResourcesBuildPhase section */
		8C0F715526136CA100FC993A /* Resources */ = {
			isa = PBXResourcesBuildPhase;
			buildActionMask = 2147483647;
			files = (
				8C0F716726136CA400FC993A /* LaunchScreen.storyboard in Resources */,
				8C0F716426136CA400FC993A /* Assets.xcassets in Resources */,
				8C0F716226136CA100FC993A /* Main.storyboard in Resources */,
			);
			runOnlyForDeploymentPostprocessing = 0;
		};
		8C0F716B26136CA500FC993A /* Resources */ = {
			isa = PBXResourcesBuildPhase;
			buildActionMask = 2147483647;
			files = (
			);
			runOnlyForDeploymentPostprocessing = 0;
		};
		8C0F717626136CA500FC993A /* Resources */ = {
			isa = PBXResourcesBuildPhase;
			buildActionMask = 2147483647;
			files = (
			);
			runOnlyForDeploymentPostprocessing = 0;
		};
/* End PBXResourcesBuildPhase section */

/* Begin PBXSourcesBuildPhase section */
		8C0F715326136CA100FC993A /* Sources */ = {
			isa = PBXSourcesBuildPhase;
			buildActionMask = 2147483647;
			files = (
				8C0F715F26136CA100FC993A /* ToDoListViewController.swift in Sources */,
				8C0F71CE2614391100FC993A /* DataModel.xcdatamodeld in Sources */,
				8C0F71D62615FC6900FC993A /* CategoryTableViewController.swift in Sources */,
				8C0F715B26136CA100FC993A /* AppDelegate.swift in Sources */,
				8C0F715D26136CA100FC993A /* SceneDelegate.swift in Sources */,
			);
			runOnlyForDeploymentPostprocessing = 0;
		};
		8C0F716926136CA500FC993A /* Sources */ = {
			isa = PBXSourcesBuildPhase;
			buildActionMask = 2147483647;
			files = (
				8C0F717226136CA500FC993A /* ToDoListAppTests.swift in Sources */,
			);
			runOnlyForDeploymentPostprocessing = 0;
		};
		8C0F717426136CA500FC993A /* Sources */ = {
			isa = PBXSourcesBuildPhase;
			buildActionMask = 2147483647;
			files = (
				8C0F717D26136CA500FC993A /* ToDoListAppUITests.swift in Sources */,
			);
			runOnlyForDeploymentPostprocessing = 0;
		};
/* End PBXSourcesBuildPhase section */

/* Begin PBXTargetDependency section */
		8C0F716F26136CA500FC993A /* PBXTargetDependency */ = {
			isa = PBXTargetDependency;
			target = 8C0F715626136CA100FC993A /* ToDoListApp */;
			targetProxy = 8C0F716E26136CA500FC993A /* PBXContainerItemProxy */;
		};
		8C0F717A26136CA500FC993A /* PBXTargetDependency */ = {
			isa = PBXTargetDependency;
			target = 8C0F715626136CA100FC993A /* ToDoListApp */;
			targetProxy = 8C0F717926136CA500FC993A /* PBXContainerItemProxy */;
		};
/* End PBXTargetDependency section */

/* Begin PBXVariantGroup section */
		8C0F716026136CA100FC993A /* Main.storyboard */ = {
			isa = PBXVariantGroup;
			children = (
				8C0F716126136CA100FC993A /* Base */,
			);
			name = Main.storyboard;
			sourceTree = "<group>";
		};
		8C0F716526136CA400FC993A /* LaunchScreen.storyboard */ = {
			isa = PBXVariantGroup;
			children = (
				8C0F716626136CA400FC993A /* Base */,
			);
			name = LaunchScreen.storyboard;
			sourceTree = "<group>";
		};
/* End PBXVariantGroup section */

/* Begin XCBuildConfiguration section */
		8C0F717F26136CA500FC993A /* Debug */ = {
			isa = XCBuildConfiguration;
			buildSettings = {
				ALWAYS_SEARCH_USER_PATHS = NO;
				CLANG_ANALYZER_NONNULL = YES;
				CLANG_ANALYZER_NUMBER_OBJECT_CONVERSION = YES_AGGRESSIVE;
				CLANG_CXX_LANGUAGE_STANDARD = "gnu++14";
				CLANG_CXX_LIBRARY = "libc++";
				CLANG_ENABLE_MODULES = YES;
				CLANG_ENABLE_OBJC_ARC = YES;
				CLANG_ENABLE_OBJC_WEAK = YES;
				CLANG_WARN_BLOCK_CAPTURE_AUTORELEASING = YES;
				CLANG_WARN_BOOL_CONVERSION = YES;
				CLANG_WARN_COMMA = YES;
				CLANG_WARN_CONSTANT_CONVERSION = YES;
				CLANG_WARN_DEPRECATED_OBJC_IMPLEMENTATIONS = YES;
				CLANG_WARN_DIRECT_OBJC_ISA_USAGE = YES_ERROR;
				CLANG_WARN_DOCUMENTATION_COMMENTS = YES;
				CLANG_WARN_EMPTY_BODY = YES;
				CLANG_WARN_ENUM_CONVERSION = YES;
				CLANG_WARN_INFINITE_RECURSION = YES;
				CLANG_WARN_INT_CONVERSION = YES;
				CLANG_WARN_NON_LITERAL_NULL_CONVERSION = YES;
				CLANG_WARN_OBJC_IMPLICIT_RETAIN_SELF = YES;
				CLANG_WARN_OBJC_LITERAL_CONVERSION = YES;
				CLANG_WARN_OBJC_ROOT_CLASS = YES_ERROR;
				CLANG_WARN_QUOTED_INCLUDE_IN_FRAMEWORK_HEADER = YES;
				CLANG_WARN_RANGE_LOOP_ANALYSIS = YES;
				CLANG_WARN_STRICT_PROTOTYPES = YES;
				CLANG_WARN_SUSPICIOUS_MOVE = YES;
				CLANG_WARN_UNGUARDED_AVAILABILITY = YES_AGGRESSIVE;
				CLANG_WARN_UNREACHABLE_CODE = YES;
				CLANG_WARN__DUPLICATE_METHOD_MATCH = YES;
				COPY_PHASE_STRIP = NO;
				DEBUG_INFORMATION_FORMAT = dwarf;
				ENABLE_STRICT_OBJC_MSGSEND = YES;
				ENABLE_TESTABILITY = YES;
				GCC_C_LANGUAGE_STANDARD = gnu11;
				GCC_DYNAMIC_NO_PIC = NO;
				GCC_NO_COMMON_BLOCKS = YES;
				GCC_OPTIMIZATION_LEVEL = 0;
				GCC_PREPROCESSOR_DEFINITIONS = (
					"DEBUG=1",
					"$(inherited)",
				);
				GCC_WARN_64_TO_32_BIT_CONVERSION = YES;
				GCC_WARN_ABOUT_RETURN_TYPE = YES_ERROR;
				GCC_WARN_UNDECLARED_SELECTOR = YES;
				GCC_WARN_UNINITIALIZED_AUTOS = YES_AGGRESSIVE;
				GCC_WARN_UNUSED_FUNCTION = YES;
				GCC_WARN_UNUSED_VARIABLE = YES;
				IPHONEOS_DEPLOYMENT_TARGET = 14.4;
				MTL_ENABLE_DEBUG_INFO = INCLUDE_SOURCE;
				MTL_FAST_MATH = YES;
				ONLY_ACTIVE_ARCH = YES;
				SDKROOT = iphoneos;
				SWIFT_ACTIVE_COMPILATION_CONDITIONS = DEBUG;
				SWIFT_OPTIMIZATION_LEVEL = "-Onone";
			};
			name = Debug;
		};
		8C0F718026136CA500FC993A /* Release */ = {
			isa = XCBuildConfiguration;
			buildSettings = {
				ALWAYS_SEARCH_USER_PATHS = NO;
				CLANG_ANALYZER_NONNULL = YES;
				CLANG_ANALYZER_NUMBER_OBJECT_CONVERSION = YES_AGGRESSIVE;
				CLANG_CXX_LANGUAGE_STANDARD = "gnu++14";
				CLANG_CXX_LIBRARY = "libc++";
				CLANG_ENABLE_MODULES = YES;
				CLANG_ENABLE_OBJC_ARC = YES;
				CLANG_ENABLE_OBJC_WEAK = YES;
				CLANG_WARN_BLOCK_CAPTURE_AUTORELEASING = YES;
				CLANG_WARN_BOOL_CONVERSION = YES;
				CLANG_WARN_COMMA = YES;
				CLANG_WARN_CONSTANT_CONVERSION = YES;
				CLANG_WARN_DEPRECATED_OBJC_IMPLEMENTATIONS = YES;
				CLANG_WARN_DIRECT_OBJC_ISA_USAGE = YES_ERROR;
				CLANG_WARN_DOCUMENTATION_COMMENTS = YES;
				CLANG_WARN_EMPTY_BODY = YES;
				CLANG_WARN_ENUM_CONVERSION = YES;
				CLANG_WARN_INFINITE_RECURSION = YES;
				CLANG_WARN_INT_CONVERSION = YES;
				CLANG_WARN_NON_LITERAL_NULL_CONVERSION = YES;
				CLANG_WARN_OBJC_IMPLICIT_RETAIN_SELF = YES;
				CLANG_WARN_OBJC_LITERAL_CONVERSION = YES;
				CLANG_WARN_OBJC_ROOT_CLASS = YES_ERROR;
				CLANG_WARN_QUOTED_INCLUDE_IN_FRAMEWORK_HEADER = YES;
				CLANG_WARN_RANGE_LOOP_ANALYSIS = YES;
				CLANG_WARN_STRICT_PROTOTYPES = YES;
				CLANG_WARN_SUSPICIOUS_MOVE = YES;
				CLANG_WARN_UNGUARDED_AVAILABILITY = YES_AGGRESSIVE;
				CLANG_WARN_UNREACHABLE_CODE = YES;
				CLANG_WARN__DUPLICATE_METHOD_MATCH = YES;
				COPY_PHASE_STRIP = NO;
				DEBUG_INFORMATION_FORMAT = "dwarf-with-dsym";
				ENABLE_NS_ASSERTIONS = NO;
				ENABLE_STRICT_OBJC_MSGSEND = YES;
				GCC_C_LANGUAGE_STANDARD = gnu11;
				GCC_NO_COMMON_BLOCKS = YES;
				GCC_WARN_64_TO_32_BIT_CONVERSION = YES;
				GCC_WARN_ABOUT_RETURN_TYPE = YES_ERROR;
				GCC_WARN_UNDECLARED_SELECTOR = YES;
				GCC_WARN_UNINITIALIZED_AUTOS = YES_AGGRESSIVE;
				GCC_WARN_UNUSED_FUNCTION = YES;
				GCC_WARN_UNUSED_VARIABLE = YES;
				IPHONEOS_DEPLOYMENT_TARGET = 14.4;
				MTL_ENABLE_DEBUG_INFO = NO;
				MTL_FAST_MATH = YES;
				SDKROOT = iphoneos;
				SWIFT_COMPILATION_MODE = wholemodule;
				SWIFT_OPTIMIZATION_LEVEL = "-O";
				VALIDATE_PRODUCT = YES;
			};
			name = Release;
		};
		8C0F718226136CA500FC993A /* Debug */ = {
			isa = XCBuildConfiguration;
			buildSettings = {
				ASSETCATALOG_COMPILER_APPICON_NAME = AppIcon;
				ASSETCATALOG_COMPILER_GLOBAL_ACCENT_COLOR_NAME = AccentColor;
				CODE_SIGN_STYLE = Automatic;
				DEVELOPMENT_TEAM = MGJDRSSSYP;
				INFOPLIST_FILE = ToDoListApp/Info.plist;
				LD_RUNPATH_SEARCH_PATHS = (
					"$(inherited)",
					"@executable_path/Frameworks",
				);
				PRODUCT_BUNDLE_IDENTIFIER = com.masatotakamura.ToDoListApp;
				PRODUCT_NAME = "$(TARGET_NAME)";
				SWIFT_VERSION = 5.0;
				TARGETED_DEVICE_FAMILY = 1;
			};
			name = Debug;
		};
		8C0F718326136CA500FC993A /* Release */ = {
			isa = XCBuildConfiguration;
			buildSettings = {
				ASSETCATALOG_COMPILER_APPICON_NAME = AppIcon;
				ASSETCATALOG_COMPILER_GLOBAL_ACCENT_COLOR_NAME = AccentColor;
				CODE_SIGN_STYLE = Automatic;
				DEVELOPMENT_TEAM = MGJDRSSSYP;
				INFOPLIST_FILE = ToDoListApp/Info.plist;
				LD_RUNPATH_SEARCH_PATHS = (
					"$(inherited)",
					"@executable_path/Frameworks",
				);
				PRODUCT_BUNDLE_IDENTIFIER = com.masatotakamura.ToDoListApp;
				PRODUCT_NAME = "$(TARGET_NAME)";
				SWIFT_VERSION = 5.0;
				TARGETED_DEVICE_FAMILY = 1;
			};
			name = Release;
		};
		8C0F718526136CA500FC993A /* Debug */ = {
			isa = XCBuildConfiguration;
			buildSettings = {
				ALWAYS_EMBED_SWIFT_STANDARD_LIBRARIES = YES;
				BUNDLE_LOADER = "$(TEST_HOST)";
				CODE_SIGN_STYLE = Automatic;
				DEVELOPMENT_TEAM = MGJDRSSSYP;
				INFOPLIST_FILE = ToDoListAppTests/Info.plist;
				IPHONEOS_DEPLOYMENT_TARGET = 14.4;
				LD_RUNPATH_SEARCH_PATHS = (
					"$(inherited)",
					"@executable_path/Frameworks",
					"@loader_path/Frameworks",
				);
				PRODUCT_BUNDLE_IDENTIFIER = com.masatotakamura.ToDoListAppTests;
				PRODUCT_NAME = "$(TARGET_NAME)";
				SWIFT_VERSION = 5.0;
				TARGETED_DEVICE_FAMILY = "1,2";
				TEST_HOST = "$(BUILT_PRODUCTS_DIR)/ToDoListApp.app/ToDoListApp";
			};
			name = Debug;
		};
		8C0F718626136CA500FC993A /* Release */ = {
			isa = XCBuildConfiguration;
			buildSettings = {
				ALWAYS_EMBED_SWIFT_STANDARD_LIBRARIES = YES;
				BUNDLE_LOADER = "$(TEST_HOST)";
				CODE_SIGN_STYLE = Automatic;
				DEVELOPMENT_TEAM = MGJDRSSSYP;
				INFOPLIST_FILE = ToDoListAppTests/Info.plist;
				IPHONEOS_DEPLOYMENT_TARGET = 14.4;
				LD_RUNPATH_SEARCH_PATHS = (
					"$(inherited)",
					"@executable_path/Frameworks",
					"@loader_path/Frameworks",
				);
				PRODUCT_BUNDLE_IDENTIFIER = com.masatotakamura.ToDoListAppTests;
				PRODUCT_NAME = "$(TARGET_NAME)";
				SWIFT_VERSION = 5.0;
				TARGETED_DEVICE_FAMILY = "1,2";
				TEST_HOST = "$(BUILT_PRODUCTS_DIR)/ToDoListApp.app/ToDoListApp";
			};
			name = Release;
		};
		8C0F718826136CA500FC993A /* Debug */ = {
			isa = XCBuildConfiguration;
			buildSettings = {
				ALWAYS_EMBED_SWIFT_STANDARD_LIBRARIES = YES;
				CODE_SIGN_STYLE = Automatic;
				DEVELOPMENT_TEAM = MGJDRSSSYP;
				INFOPLIST_FILE = ToDoListAppUITests/Info.plist;
				LD_RUNPATH_SEARCH_PATHS = (
					"$(inherited)",
					"@executable_path/Frameworks",
					"@loader_path/Frameworks",
				);
				PRODUCT_BUNDLE_IDENTIFIER = com.masatotakamura.ToDoListAppUITests;
				PRODUCT_NAME = "$(TARGET_NAME)";
				SWIFT_VERSION = 5.0;
				TARGETED_DEVICE_FAMILY = "1,2";
				TEST_TARGET_NAME = ToDoListApp;
			};
			name = Debug;
		};
		8C0F718926136CA500FC993A /* Release */ = {
			isa = XCBuildConfiguration;
			buildSettings = {
				ALWAYS_EMBED_SWIFT_STANDARD_LIBRARIES = YES;
				CODE_SIGN_STYLE = Automatic;
				DEVELOPMENT_TEAM = MGJDRSSSYP;
				INFOPLIST_FILE = ToDoListAppUITests/Info.plist;
				LD_RUNPATH_SEARCH_PATHS = (
					"$(inherited)",
					"@executable_path/Frameworks",
					"@loader_path/Frameworks",
				);
				PRODUCT_BUNDLE_IDENTIFIER = com.masatotakamura.ToDoListAppUITests;
				PRODUCT_NAME = "$(TARGET_NAME)";
				SWIFT_VERSION = 5.0;
				TARGETED_DEVICE_FAMILY = "1,2";
				TEST_TARGET_NAME = ToDoListApp;
			};
			name = Release;
		};
/* End XCBuildConfiguration section */

/* Begin XCConfigurationList section */
		8C0F715226136CA100FC993A /* Build configuration list for PBXProject "ToDoListApp" */ = {
			isa = XCConfigurationList;
			buildConfigurations = (
				8C0F717F26136CA500FC993A /* Debug */,
				8C0F718026136CA500FC993A /* Release */,
			);
			defaultConfigurationIsVisible = 0;
			defaultConfigurationName = Release;
		};
		8C0F718126136CA500FC993A /* Build configuration list for PBXNativeTarget "ToDoListApp" */ = {
			isa = XCConfigurationList;
			buildConfigurations = (
				8C0F718226136CA500FC993A /* Debug */,
				8C0F718326136CA500FC993A /* Release */,
			);
			defaultConfigurationIsVisible = 0;
			defaultConfigurationName = Release;
		};
		8C0F718426136CA500FC993A /* Build configuration list for PBXNativeTarget "ToDoListAppTests" */ = {
			isa = XCConfigurationList;
			buildConfigurations = (
				8C0F718526136CA500FC993A /* Debug */,
				8C0F718626136CA500FC993A /* Release */,
			);
			defaultConfigurationIsVisible = 0;
			defaultConfigurationName = Release;
		};
		8C0F718726136CA500FC993A /* Build configuration list for PBXNativeTarget "ToDoListAppUITests" */ = {
			isa = XCConfigurationList;
			buildConfigurations = (
				8C0F718826136CA500FC993A /* Debug */,
				8C0F718926136CA500FC993A /* Release */,
			);
			defaultConfigurationIsVisible = 0;
			defaultConfigurationName = Release;
		};
/* End XCConfigurationList section */

/* Begin XCVersionGroup section */
		8C0F71CC2614391100FC993A /* DataModel.xcdatamodeld */ = {
			isa = XCVersionGroup;
			children = (
				8C0F71CD2614391100FC993A /* DataModel.xcdatamodel */,
			);
			currentVersion = 8C0F71CD2614391100FC993A /* DataModel.xcdatamodel */;
			path = DataModel.xcdatamodeld;
			sourceTree = "<group>";
			versionGroupType = wrapper.xcdatamodel;
		};
/* End XCVersionGroup section */
	};
	rootObject = 8C0F714F26136CA100FC993A /* Project object */;
}
